
Microsoft Visual Studio Solution File, Format Version 12.00
# Visual Studio 15
VisualStudioVersion = 15.0.27130.2026
MinimumVisualStudioVersion = 10.0.40219.1
Project("{9A19103F-16F7-4668-BE54-9A1E7A4F7556}") = "BananaRemote", "BananaRemote\BananaRemote.csproj", "{F78D7F55-EC3A-4E91-A2AE-D933F4B5ED1C}"
EndProject
Project("{2150E333-8FDC-42A3-9474-1A3956D46DE8}") = "Plugins", "Plugins", "{6B567A61-D6FE-4678-9702-1E8460010B8F}"
EndProject
Project("{2150E333-8FDC-42A3-9474-1A3956D46DE8}") = "Onkyo", "Onkyo", "{48D8ED94-0F26-43FD-A49C-F5365113F7BB}"
EndProject
Project("{FAE04EC0-301F-11D3-BF4B-00C04F79EFBC}") = "HGJ.ConsoleLib", "Plugins\Onkyo\HGJ.ConsoleLib\HGJ.ConsoleLib.csproj", "{A8A993C2-3339-4BAC-AD72-D40E859B0E6A}"
EndProject
Project("{FAE04EC0-301F-11D3-BF4B-00C04F79EFBC}") = "OnkyoISCPlib", "Plugins\Onkyo\OnkyoISCPlib\OnkyoISCPlib.csproj", "{AA496B29-6C0A-4B12-B3F2-78207C931F68}"
EndProject
Project("{FAE04EC0-301F-11D3-BF4B-00C04F79EFBC}") = "OnkyoRemote", "Plugins\Onkyo\OnkyoRemote\OnkyoRemote.csproj", "{B7118396-E3D0-4405-8AD2-5E9C16765091}"
EndProject
Project("{FAE04EC0-301F-11D3-BF4B-00C04F79EFBC}") = "OnkyoPlugin", "OnkyoPlugin\OnkyoPlugin.csproj", "{EAC82CEE-5C16-4916-8FE9-89319D93CF6A}"
	ProjectSection(ProjectDependencies) = postProject
		{AA496B29-6C0A-4B12-B3F2-78207C931F68} = {AA496B29-6C0A-4B12-B3F2-78207C931F68}
	EndProjectSection
EndProject
Global
	GlobalSection(SolutionConfigurationPlatforms) = preSolution
		Debug|Any CPU = Debug|Any CPU
		Debug|x86 = Debug|x86
		Release|Any CPU = Release|Any CPU
		Release|x86 = Release|x86
	EndGlobalSection
	GlobalSection(ProjectConfigurationPlatforms) = postSolution
		{F78D7F55-EC3A-4E91-A2AE-D933F4B5ED1C}.Debug|Any CPU.ActiveCfg = Debug|Any CPU
		{F78D7F55-EC3A-4E91-A2AE-D933F4B5ED1C}.Debug|Any CPU.Build.0 = Debug|Any CPU
		{F78D7F55-EC3A-4E91-A2AE-D933F4B5ED1C}.Debug|x86.ActiveCfg = Debug|Any CPU
		{F78D7F55-EC3A-4E91-A2AE-D933F4B5ED1C}.Debug|x86.Build.0 = Debug|Any CPU
		{F78D7F55-EC3A-4E91-A2AE-D933F4B5ED1C}.Release|Any CPU.ActiveCfg = Release|Any CPU
		{F78D7F55-EC3A-4E91-A2AE-D933F4B5ED1C}.Release|Any CPU.Build.0 = Release|Any CPU
		{F78D7F55-EC3A-4E91-A2AE-D933F4B5ED1C}.Release|x86.ActiveCfg = Release|Any CPU
		{F78D7F55-EC3A-4E91-A2AE-D933F4B5ED1C}.Release|x86.Build.0 = Release|Any CPU
		{A8A993C2-3339-4BAC-AD72-D40E859B0E6A}.Debug|Any CPU.ActiveCfg = Debug|Any CPU
		{A8A993C2-3339-4BAC-AD72-D40E859B0E6A}.Debug|Any CPU.Build.0 = Debug|Any CPU
		{A8A993C2-3339-4BAC-AD72-D40E859B0E6A}.Debug|x86.ActiveCfg = Debug|Any CPU
		{A8A993C2-3339-4BAC-AD72-D40E859B0E6A}.Debug|x86.Build.0 = Debug|Any CPU
		{A8A993C2-3339-4BAC-AD72-D40E859B0E6A}.Release|Any CPU.ActiveCfg = Release|Any CPU
		{A8A993C2-3339-4BAC-AD72-D40E859B0E6A}.Release|Any CPU.Build.0 = Release|Any CPU
		{A8A993C2-3339-4BAC-AD72-D40E859B0E6A}.Release|x86.ActiveCfg = Release|Any CPU
		{A8A993C2-3339-4BAC-AD72-D40E859B0E6A}.Release|x86.Build.0 = Release|Any CPU
		{AA496B29-6C0A-4B12-B3F2-78207C931F68}.Debug|Any CPU.ActiveCfg = Debug|Any CPU
		{AA496B29-6C0A-4B12-B3F2-78207C931F68}.Debug|Any CPU.Build.0 = Debug|Any CPU
		{AA496B29-6C0A-4B12-B3F2-78207C931F68}.Debug|x86.ActiveCfg = Debug|Any CPU
		{AA496B29-6C0A-4B12-B3F2-78207C931F68}.Debug|x86.Build.0 = Debug|Any CPU
		{AA496B29-6C0A-4B12-B3F2-78207C931F68}.Release|Any CPU.ActiveCfg = Release|Any CPU
		{AA496B29-6C0A-4B12-B3F2-78207C931F68}.Release|Any CPU.Build.0 = Release|Any CPU
		{AA496B29-6C0A-4B12-B3F2-78207C931F68}.Release|x86.ActiveCfg = Release|Any CPU
		{AA496B29-6C0A-4B12-B3F2-78207C931F68}.Release|x86.Build.0 = Release|Any CPU
		{B7118396-E3D0-4405-8AD2-5E9C16765091}.Debug|Any CPU.ActiveCfg = Debug|x86
		{B7118396-E3D0-4405-8AD2-5E9C16765091}.Debug|Any CPU.Build.0 = Debug|x86
		{B7118396-E3D0-4405-8AD2-5E9C16765091}.Debug|x86.ActiveCfg = Debug|x86
		{B7118396-E3D0-4405-8AD2-5E9C16765091}.Debug|x86.Build.0 = Debug|x86
		{B7118396-E3D0-4405-8AD2-5E9C16765091}.Release|Any CPU.ActiveCfg = Release|x86
		{B7118396-E3D0-4405-8AD2-5E9C16765091}.Release|x86.ActiveCfg = Release|x86
		{B7118396-E3D0-4405-8AD2-5E9C16765091}.Release|x86.Build.0 = Release|x86
		{EAC82CEE-5C16-4916-8FE9-89319D93CF6A}.Debug|Any CPU.ActiveCfg = Debug|Any CPU
		{EAC82CEE-5C16-4916-8FE9-89319D93CF6A}.Debug|Any CPU.Build.0 = Debug|Any CPU
		{EAC82CEE-5C16-4916-8FE9-89319D93CF6A}.Debug|x86.ActiveCfg = Debug|Any CPU
		{EAC82CEE-5C16-4916-8FE9-89319D93CF6A}.Debug|x86.Build.0 = Debug|Any CPU
		{EAC82CEE-5C16-4916-8FE9-89319D93CF6A}.Release|Any CPU.ActiveCfg = Release|Any CPU
		{EAC82CEE-5C16-4916-8FE9-89319D93CF6A}.Release|Any CPU.Build.0 = Release|Any CPU
		{EAC82CEE-5C16-4916-8FE9-89319D93CF6A}.Release|x86.ActiveCfg = Release|Any CPU
		{EAC82CEE-5C16-4916-8FE9-89319D93CF6A}.Release|x86.Build.0 = Release|Any CPU
	EndGlobalSection
	GlobalSection(SolutionProperties) = preSolution
		HideSolutionNode = FALSE
	EndGlobalSection
	GlobalSection(NestedProjects) = preSolution
		{48D8ED94-0F26-43FD-A49C-F5365113F7BB} = {6B567A61-D6FE-4678-9702-1E8460010B8F}
		{A8A993C2-3339-4BAC-AD72-D40E859B0E6A} = {48D8ED94-0F26-43FD-A49C-F5365113F7BB}
		{AA496B29-6C0A-4B12-B3F2-78207C931F68} = {48D8ED94-0F26-43FD-A49C-F5365113F7BB}
		{B7118396-E3D0-4405-8AD2-5E9C16765091} = {48D8ED94-0F26-43FD-A49C-F5365113F7BB}
		{EAC82CEE-5C16-4916-8FE9-89319D93CF6A} = {48D8ED94-0F26-43FD-A49C-F5365113F7BB}
	EndGlobalSection
	GlobalSection(ExtensibilityGlobals) = postSolution
		SolutionGuid = {3D9CCAFB-0B08-4FB7-8837-1AEDAFA4B6C0}
	EndGlobalSection
EndGlobal
